
Microsoft Visual Studio Solution File, Format Version 12.00
# Visual Studio 2012
Project("{FAE04EC0-301F-11D3-BF4B-00C04F79EFBC}") = "WinServiceBasic1", "WinServiceBasic1\WinServiceBasic1.csproj", "{BD2AF7CA-3100-4370-BB3C-537B77C74212}"
EndProject
Global
	GlobalSection(SolutionConfigurationPlatforms) = preSolution
		Debug|Any CPU = Debug|Any CPU
		Release|Any CPU = Release|Any CPU
	EndGlobalSection
	GlobalSection(ProjectConfigurationPlatforms) = postSolution
		{BD2AF7CA-3100-4370-BB3C-537B77C74212}.Debug|Any CPU.ActiveCfg = Debug|Any CPU
		{BD2AF7CA-3100-4370-BB3C-537B77C74212}.Debug|Any CPU.Build.0 = Debug|Any CPU
		{BD2AF7CA-3100-4370-BB3C-537B77C74212}.Release|Any CPU.ActiveCfg = Release|Any CPU
		{BD2AF7CA-3100-4370-BB3C-537B77C74212}.Release|Any CPU.Build.0 = Release|Any CPU
	EndGlobalSection
	GlobalSection(SolutionProperties) = preSolution
		HideSolutionNode = FALSE
	EndGlobalSection
EndGlobal
